// !$*UTF8*$!
{
	archiveVersion = 1;
	classes = {
	};
	objectVersion = 77;
	objects = {

/* Begin PBXBuildFile section */
		02F32F9EEC2183CDBA90B047 /* DepartureActivityAttributes.swift in Sources */ = {isa = PBXBuildFile; fileRef = 269B82A9BFE7AE0EF2270C93 /* DepartureActivityAttributes.swift */; };
		0CB93DE46F7E01C3360DB309 /* Secrets.swift in Sources */ = {isa = PBXBuildFile; fileRef = F3BE02A09DFF2070FB9C3629 /* Secrets.swift */; };
		1277F1A071A888F755629680 /* DepartureActivityAttributes.swift in Sources */ = {isa = PBXBuildFile; fileRef = 269B82A9BFE7AE0EF2270C93 /* DepartureActivityAttributes.swift */; };
		1726A9E85B1FC5D1CF91120C /* Color+Hex.swift in Sources */ = {isa = PBXBuildFile; fileRef = D4BF38B35DDE88A2105B9BAD /* Color+Hex.swift */; };
		1800B5D608A5912203CCD6D5 /* Theme.swift in Sources */ = {isa = PBXBuildFile; fileRef = 1E02FA3BB1E8603C1A763D85 /* Theme.swift */; };
		198095BB3C5E2F1878F5A059 /* Profile.swift in Sources */ = {isa = PBXBuildFile; fileRef = F2E95E64D803425B53A91DA5 /* Profile.swift */; };
		2C29DFB0D75AF26A93BDBB78 /* ContentView.swift in Sources */ = {isa = PBXBuildFile; fileRef = 3099350243901A33CFD9ADD8 /* ContentView.swift */; };
		32C6206F4DB5BB74BF5FA9ED /* Models.swift in Sources */ = {isa = PBXBuildFile; fileRef = C1A2DE891F717A6199D53055 /* Models.swift */; };
		367D8C75D1AEBDB792356CFF /* DepartureLiveActivity.swift in Sources */ = {isa = PBXBuildFile; fileRef = C721D1F446C5BCA2D64517B6 /* DepartureLiveActivity.swift */; };
		3B3F6D338886BFEAAF9121E0 /* SettingsView.swift in Sources */ = {isa = PBXBuildFile; fileRef = CE7A3BA93DFE7092FC67BA63 /* SettingsView.swift */; };
		3FB4EA8BAB98B8ECED2507A5 /* Secrets.plist in Resources */ = {isa = PBXBuildFile; fileRef = 4AA670A701E8F65196A7BA1E /* Secrets.plist */; };
		423CCB2CAE4F7689E8BF1B91 /* WaterView.swift in Sources */ = {isa = PBXBuildFile; fileRef = 714F9AB31E1782F6B0CBECE9 /* WaterView.swift */; };
		4BD33EB7DEA2120C7D79635F /* HomeRootView.swift in Sources */ = {isa = PBXBuildFile; fileRef = 4BEE890399794E3C162AA0B6 /* HomeRootView.swift */; };
		67F6D73E66010DEA5CBD7FA0 /* LeaveNowWidgets.appex in Embed Foundation Extensions */ = {isa = PBXBuildFile; fileRef = AF0934E8DCDA393B7EF6A3EF /* LeaveNowWidgets.appex */; settings = {ATTRIBUTES = (RemoveHeadersOnCopy, ); }; };
		6C07F62967F1B66527D5E3E8 /* RouteAPI.swift in Sources */ = {isa = PBXBuildFile; fileRef = 516EA4F710331CC0D6282A73 /* RouteAPI.swift */; };
		72CC19C0A543254BE8C6D0E8 /* SpikeView.swift in Sources */ = {isa = PBXBuildFile; fileRef = D48328D65BDF33CB6BC6C893 /* SpikeView.swift */; };
		75D91554B54851EBFD3EAD7F /* TripRecord.swift in Sources */ = {isa = PBXBuildFile; fileRef = 5CA9E3975B7CD91C731B9457 /* TripRecord.swift */; };
		77C22B8168B67B480DB0285C /* Fmt.swift in Sources */ = {isa = PBXBuildFile; fileRef = C65A17556F3CCD89FA5C7E06 /* Fmt.swift */; };
		79CF3E5EC04EF387D5275E92 /* Stations.swift in Sources */ = {isa = PBXBuildFile; fileRef = A288AD8762E080673506DAC8 /* Stations.swift */; };
		8635FF70EB73F0F429D41C1D /* TripNotifier.swift in Sources */ = {isa = PBXBuildFile; fileRef = 591BDF7C006279A47008D21F /* TripNotifier.swift */; };
		8BC1DBC750A4A273EFB160DB /* RoutePlanner.swift in Sources */ = {isa = PBXBuildFile; fileRef = D9FD67CC168C148AF63A8D72 /* RoutePlanner.swift */; };
		98A73BE15BE31E5F15FE3507 /* LiveActivitySpike.swift in Sources */ = {isa = PBXBuildFile; fileRef = C1FDF0215E4EBDA0DB2C12AA /* LiveActivitySpike.swift */; };
		9B212A1FBAE3FD52AD521F48 /* GeofenceSpike.swift in Sources */ = {isa = PBXBuildFile; fileRef = 6012B31F5EFF3DAF57EB838A /* GeofenceSpike.swift */; };
		A396039B4E20BAD4C600DC83 /* OnboardingFlow.swift in Sources */ = {isa = PBXBuildFile; fileRef = 7E16275D04A109D1EB6BB17F /* OnboardingFlow.swift */; };
		A52852A948CF82FB56D1BBE6 /* LocationHelper.swift in Sources */ = {isa = PBXBuildFile; fileRef = 2D86742170AFC022480EAD05 /* LocationHelper.swift */; };
		B4B35C9614565066E9A5CD5D /* Secrets.example.plist in Resources */ = {isa = PBXBuildFile; fileRef = F2C521C24713A3C217304B5C /* Secrets.example.plist */; };
		BFA6E055D0EFE399675EE6FE /* LeaveNowApp.swift in Sources */ = {isa = PBXBuildFile; fileRef = AE88F84D5AE2A209F7927B53 /* LeaveNowApp.swift */; };
		DC4B5947F42B703F1A50348E /* WaterHomeView.swift in Sources */ = {isa = PBXBuildFile; fileRef = 35654059C9A149B117938339 /* WaterHomeView.swift */; };
		DC808FC3EA2C3F21F8533AF1 /* stations.json in Resources */ = {isa = PBXBuildFile; fileRef = 4225F85A15797745BB0468D1 /* stations.json */; };
		E672D4DCC39D869DBB3FFA45 /* RouteResultView.swift in Sources */ = {isa = PBXBuildFile; fileRef = C7F293F645258ACA0CD11A1D /* RouteResultView.swift */; };
		E6C3E02CA78DACBDDD630553 /* LeaveNowWidgetsBundle.swift in Sources */ = {isa = PBXBuildFile; fileRef = D59DE84B94DD4F74D31473AE /* LeaveNowWidgetsBundle.swift */; };
		EE1AD0E09E917D4C901A0AE6 /* Segment.swift in Sources */ = {isa = PBXBuildFile; fileRef = 6DBC54FBA782A119A41E8C3A /* Segment.swift */; };
		EF58B06B41E7BAECBB68FBBB /* RouteStops.swift in Sources */ = {isa = PBXBuildFile; fileRef = C55E63987C546E1004076E4A /* RouteStops.swift */; };
		F17A1B5D039788EE683753B9 /* DestinationFormView.swift in Sources */ = {isa = PBXBuildFile; fileRef = E91E758ABCE84C39A17DEAF1 /* DestinationFormView.swift */; };
		F76AFD9BBDD8D7A9DFEB10B5 /* RouteViews.swift in Sources */ = {isa = PBXBuildFile; fileRef = 56F2CEB4358DCB36894ED222 /* RouteViews.swift */; };
/* End PBXBuildFile section */

/* Begin PBXContainerItemProxy section */
		5758126775B2D5042ABD589C /* PBXContainerItemProxy */ = {
			isa = PBXContainerItemProxy;
			containerPortal = 5A5D009E0129D7234DE0AA2B /* Project object */;
			proxyType = 1;
			remoteGlobalIDString = 75D714E4C1BBAFD51E0B7683;
			remoteInfo = LeaveNowWidgets;
		};
/* End PBXContainerItemProxy section */

/* Begin PBXCopyFilesBuildPhase section */
		11DB0398BCA151D4C47CE505 /* Embed Foundation Extensions */ = {
			isa = PBXCopyFilesBuildPhase;
			buildActionMask = 2147483647;
			dstPath = "";
			dstSubfolderSpec = 13;
			files = (
				67F6D73E66010DEA5CBD7FA0 /* LeaveNowWidgets.appex in Embed Foundation Extensions */,
			);
			name = "Embed Foundation Extensions";
			runOnlyForDeploymentPostprocessing = 0;
		};
/* End PBXCopyFilesBuildPhase section */

/* Begin PBXFileReference section */
		1E02FA3BB1E8603C1A763D85 /* Theme.swift */ = {isa = PBXFileReference; lastKnownFileType = sourcecode.swift; path = Theme.swift; sourceTree = "<group>"; };
		269B82A9BFE7AE0EF2270C93 /* DepartureActivityAttributes.swift */ = {isa = PBXFileReference; lastKnownFileType = sourcecode.swift; path = DepartureActivityAttributes.swift; sourceTree = "<group>"; };
		2D86742170AFC022480EAD05 /* LocationHelper.swift */ = {isa = PBXFileReference; lastKnownFileType = sourcecode.swift; path = LocationHelper.swift; sourceTree = "<group>"; };
		3099350243901A33CFD9ADD8 /* ContentView.swift */ = {isa = PBXFileReference; lastKnownFileType = sourcecode.swift; path = ContentView.swift; sourceTree = "<group>"; };
		35654059C9A149B117938339 /* WaterHomeView.swift */ = {isa = PBXFileReference; lastKnownFileType = sourcecode.swift; path = WaterHomeView.swift; sourceTree = "<group>"; };
		4225F85A15797745BB0468D1 /* stations.json */ = {isa = PBXFileReference; lastKnownFileType = text.json; path = stations.json; sourceTree = "<group>"; };
		4AA670A701E8F65196A7BA1E /* Secrets.plist */ = {isa = PBXFileReference; lastKnownFileType = text.plist; path = Secrets.plist; sourceTree = "<group>"; };
		4BEE890399794E3C162AA0B6 /* HomeRootView.swift */ = {isa = PBXFileReference; lastKnownFileType = sourcecode.swift; path = HomeRootView.swift; sourceTree = "<group>"; };
		4CF121D705C92F572B90B29D /* LeaveNow.app */ = {isa = PBXFileReference; includeInIndex = 0; lastKnownFileType = wrapper.application; path = LeaveNow.app; sourceTree = BUILT_PRODUCTS_DIR; };
		516EA4F710331CC0D6282A73 /* RouteAPI.swift */ = {isa = PBXFileReference; lastKnownFileType = sourcecode.swift; path = RouteAPI.swift; sourceTree = "<group>"; };
		56F2CEB4358DCB36894ED222 /* RouteViews.swift */ = {isa = PBXFileReference; lastKnownFileType = sourcecode.swift; path = RouteViews.swift; sourceTree = "<group>"; };
		591BDF7C006279A47008D21F /* TripNotifier.swift */ = {isa = PBXFileReference; lastKnownFileType = sourcecode.swift; path = TripNotifier.swift; sourceTree = "<group>"; };
		5CA9E3975B7CD91C731B9457 /* TripRecord.swift */ = {isa = PBXFileReference; lastKnownFileType = sourcecode.swift; path = TripRecord.swift; sourceTree = "<group>"; };
		6012B31F5EFF3DAF57EB838A /* GeofenceSpike.swift */ = {isa = PBXFileReference; lastKnownFileType = sourcecode.swift; path = GeofenceSpike.swift; sourceTree = "<group>"; };
		6DBC54FBA782A119A41E8C3A /* Segment.swift */ = {isa = PBXFileReference; lastKnownFileType = sourcecode.swift; path = Segment.swift; sourceTree = "<group>"; };
		714F9AB31E1782F6B0CBECE9 /* WaterView.swift */ = {isa = PBXFileReference; lastKnownFileType = sourcecode.swift; path = WaterView.swift; sourceTree = "<group>"; };
		7E16275D04A109D1EB6BB17F /* OnboardingFlow.swift */ = {isa = PBXFileReference; lastKnownFileType = sourcecode.swift; path = OnboardingFlow.swift; sourceTree = "<group>"; };
		88DE9B55E6D87B6079297B0E /* Info.plist */ = {isa = PBXFileReference; lastKnownFileType = text.plist; path = Info.plist; sourceTree = "<group>"; };
		A288AD8762E080673506DAC8 /* Stations.swift */ = {isa = PBXFileReference; lastKnownFileType = sourcecode.swift; path = Stations.swift; sourceTree = "<group>"; };
		AE88F84D5AE2A209F7927B53 /* LeaveNowApp.swift */ = {isa = PBXFileReference; lastKnownFileType = sourcecode.swift; path = LeaveNowApp.swift; sourceTree = "<group>"; };
		AF0934E8DCDA393B7EF6A3EF /* LeaveNowWidgets.appex */ = {isa = PBXFileReference; includeInIndex = 0; lastKnownFileType = "wrapper.app-extension"; path = LeaveNowWidgets.appex; sourceTree = BUILT_PRODUCTS_DIR; };
		B888F0C471F302B94D915332 /* Info.plist */ = {isa = PBXFileReference; lastKnownFileType = text.plist; path = Info.plist; sourceTree = "<group>"; };
		C1A2DE891F717A6199D53055 /* Models.swift */ = {isa = PBXFileReference; lastKnownFileType = sourcecode.swift; path = Models.swift; sourceTree = "<group>"; };
		C1FDF0215E4EBDA0DB2C12AA /* LiveActivitySpike.swift */ = {isa = PBXFileReference; lastKnownFileType = sourcecode.swift; path = LiveActivitySpike.swift; sourceTree = "<group>"; };
		C55E63987C546E1004076E4A /* RouteStops.swift */ = {isa = PBXFileReference; lastKnownFileType = sourcecode.swift; path = RouteStops.swift; sourceTree = "<group>"; };
		C65A17556F3CCD89FA5C7E06 /* Fmt.swift */ = {isa = PBXFileReference; lastKnownFileType = sourcecode.swift; path = Fmt.swift; sourceTree = "<group>"; };
		C721D1F446C5BCA2D64517B6 /* DepartureLiveActivity.swift */ = {isa = PBXFileReference; lastKnownFileType = sourcecode.swift; path = DepartureLiveActivity.swift; sourceTree = "<group>"; };
		C7F293F645258ACA0CD11A1D /* RouteResultView.swift */ = {isa = PBXFileReference; lastKnownFileType = sourcecode.swift; path = RouteResultView.swift; sourceTree = "<group>"; };
		CE7A3BA93DFE7092FC67BA63 /* SettingsView.swift */ = {isa = PBXFileReference; lastKnownFileType = sourcecode.swift; path = SettingsView.swift; sourceTree = "<group>"; };
		D48328D65BDF33CB6BC6C893 /* SpikeView.swift */ = {isa = PBXFileReference; lastKnownFileType = sourcecode.swift; path = SpikeView.swift; sourceTree = "<group>"; };
		D4BF38B35DDE88A2105B9BAD /* Color+Hex.swift */ = {isa = PBXFileReference; lastKnownFileType = sourcecode.swift; path = "Color+Hex.swift"; sourceTree = "<group>"; };
		D59DE84B94DD4F74D31473AE /* LeaveNowWidgetsBundle.swift */ = {isa = PBXFileReference; lastKnownFileType = sourcecode.swift; path = LeaveNowWidgetsBundle.swift; sourceTree = "<group>"; };
		D9FD67CC168C148AF63A8D72 /* RoutePlanner.swift */ = {isa = PBXFileReference; lastKnownFileType = sourcecode.swift; path = RoutePlanner.swift; sourceTree = "<group>"; };
		E91E758ABCE84C39A17DEAF1 /* DestinationFormView.swift */ = {isa = PBXFileReference; lastKnownFileType = sourcecode.swift; path = DestinationFormView.swift; sourceTree = "<group>"; };
		F2C521C24713A3C217304B5C /* Secrets.example.plist */ = {isa = PBXFileReference; lastKnownFileType = text.plist; path = Secrets.example.plist; sourceTree = "<group>"; };
		F2E95E64D803425B53A91DA5 /* Profile.swift */ = {isa = PBXFileReference; lastKnownFileType = sourcecode.swift; path = Profile.swift; sourceTree = "<group>"; };
		F3BE02A09DFF2070FB9C3629 /* Secrets.swift */ = {isa = PBXFileReference; lastKnownFileType = sourcecode.swift; path = Secrets.swift; sourceTree = "<group>"; };
/* End PBXFileReference section */

/* Begin PBXGroup section */
		0F08B4FA4F163F7484CFCBD3 /* Home */ = {
			isa = PBXGroup;
			children = (
				4BEE890399794E3C162AA0B6 /* HomeRootView.swift */,
			);
			path = Home;
			sourceTree = "<group>";
		};
		118D1D4E15C95AE122BB34F0 /* Features */ = {
			isa = PBXGroup;
			children = (
				F6BC48F4C37C3C8E38BE875B /* Destination */,
				0F08B4FA4F163F7484CFCBD3 /* Home */,
				A5ED38933B9BEB91DDA75BDC /* Onboarding */,
				DC84F5703AEF9EB118858EE9 /* Settings */,
			);
			path = Features;
			sourceTree = "<group>";
		};
		29C46544AAC604ABF63BF1B7 /* Resources */ = {
			isa = PBXGroup;
			children = (
				F2C521C24713A3C217304B5C /* Secrets.example.plist */,
				4AA670A701E8F65196A7BA1E /* Secrets.plist */,
				4225F85A15797745BB0468D1 /* stations.json */,
			);
			path = Resources;
			sourceTree = "<group>";
		};
		2C16CD126BFCFE5D6EFA26A9 /* Design */ = {
			isa = PBXGroup;
			children = (
				D4BF38B35DDE88A2105B9BAD /* Color+Hex.swift */,
				56F2CEB4358DCB36894ED222 /* RouteViews.swift */,
				1E02FA3BB1E8603C1A763D85 /* Theme.swift */,
				35654059C9A149B117938339 /* WaterHomeView.swift */,
				714F9AB31E1782F6B0CBECE9 /* WaterView.swift */,
			);
			path = Design;
			sourceTree = "<group>";
		};
		4D638A21D3339703E7166BD3 /* Core */ = {
			isa = PBXGroup;
			children = (
				2D86742170AFC022480EAD05 /* LocationHelper.swift */,
				C1A2DE891F717A6199D53055 /* Models.swift */,
				F2E95E64D803425B53A91DA5 /* Profile.swift */,
				516EA4F710331CC0D6282A73 /* RouteAPI.swift */,
				D9FD67CC168C148AF63A8D72 /* RoutePlanner.swift */,
				C55E63987C546E1004076E4A /* RouteStops.swift */,
				A288AD8762E080673506DAC8 /* Stations.swift */,
				591BDF7C006279A47008D21F /* TripNotifier.swift */,
			);
			path = Core;
			sourceTree = "<group>";
		};
		5E3FD9BA092E3C5114B7A0A0 /* Models */ = {
			isa = PBXGroup;
			children = (
				6DBC54FBA782A119A41E8C3A /* Segment.swift */,
				5CA9E3975B7CD91C731B9457 /* TripRecord.swift */,
			);
			path = Models;
			sourceTree = "<group>";
		};
		5FEF58D44105086514116504 /* LeaveNowWidgets */ = {
			isa = PBXGroup;
			children = (
				C721D1F446C5BCA2D64517B6 /* DepartureLiveActivity.swift */,
				88DE9B55E6D87B6079297B0E /* Info.plist */,
				D59DE84B94DD4F74D31473AE /* LeaveNowWidgetsBundle.swift */,
			);
			path = LeaveNowWidgets;
			sourceTree = "<group>";
		};
		79E1CBFE3015649431DC261E /* Logic */ = {
			isa = PBXGroup;
			children = (
				C65A17556F3CCD89FA5C7E06 /* Fmt.swift */,
				F3BE02A09DFF2070FB9C3629 /* Secrets.swift */,
			);
			path = Logic;
			sourceTree = "<group>";
		};
		8BBDB65B1D3985ECCAE99531 /* Products */ = {
			isa = PBXGroup;
			children = (
				4CF121D705C92F572B90B29D /* LeaveNow.app */,
				AF0934E8DCDA393B7EF6A3EF /* LeaveNowWidgets.appex */,
			);
			name = Products;
			sourceTree = "<group>";
		};
		989C4DB16DFC32B0E1DEDBD0 /* LeaveNow */ = {
			isa = PBXGroup;
			children = (
				B888F0C471F302B94D915332 /* Info.plist */,
				AE88F84D5AE2A209F7927B53 /* LeaveNowApp.swift */,
				4D638A21D3339703E7166BD3 /* Core */,
				2C16CD126BFCFE5D6EFA26A9 /* Design */,
				118D1D4E15C95AE122BB34F0 /* Features */,
				79E1CBFE3015649431DC261E /* Logic */,
				5E3FD9BA092E3C5114B7A0A0 /* Models */,
				29C46544AAC604ABF63BF1B7 /* Resources */,
				A3A4AC5E3B89A7461D0A424C /* Spikes */,
				BDD717BEC5391E53962B3DA3 /* Views */,
			);
			path = LeaveNow;
			sourceTree = "<group>";
		};
		9E0FAA5B99D645BE06BE8BDE = {
			isa = PBXGroup;
			children = (
				989C4DB16DFC32B0E1DEDBD0 /* LeaveNow */,
				5FEF58D44105086514116504 /* LeaveNowWidgets */,
				F30C17B1C6A6F4FE01079AE4 /* Shared */,
				8BBDB65B1D3985ECCAE99531 /* Products */,
			);
			sourceTree = "<group>";
		};
		A3A4AC5E3B89A7461D0A424C /* Spikes */ = {
			isa = PBXGroup;
			children = (
				6012B31F5EFF3DAF57EB838A /* GeofenceSpike.swift */,
				C1FDF0215E4EBDA0DB2C12AA /* LiveActivitySpike.swift */,
				D48328D65BDF33CB6BC6C893 /* SpikeView.swift */,
			);
			path = Spikes;
			sourceTree = "<group>";
		};
		A5ED38933B9BEB91DDA75BDC /* Onboarding */ = {
			isa = PBXGroup;
			children = (
				7E16275D04A109D1EB6BB17F /* OnboardingFlow.swift */,
			);
			path = Onboarding;
			sourceTree = "<group>";
		};
		BDD717BEC5391E53962B3DA3 /* Views */ = {
			isa = PBXGroup;
			children = (
				3099350243901A33CFD9ADD8 /* ContentView.swift */,
			);
			path = Views;
			sourceTree = "<group>";
		};
		DC84F5703AEF9EB118858EE9 /* Settings */ = {
			isa = PBXGroup;
			children = (
				CE7A3BA93DFE7092FC67BA63 /* SettingsView.swift */,
			);
			path = Settings;
			sourceTree = "<group>";
		};
		F30C17B1C6A6F4FE01079AE4 /* Shared */ = {
			isa = PBXGroup;
			children = (
				269B82A9BFE7AE0EF2270C93 /* DepartureActivityAttributes.swift */,
			);
			path = Shared;
			sourceTree = "<group>";
		};
		F6BC48F4C37C3C8E38BE875B /* Destination */ = {
			isa = PBXGroup;
			children = (
				E91E758ABCE84C39A17DEAF1 /* DestinationFormView.swift */,
				C7F293F645258ACA0CD11A1D /* RouteResultView.swift */,
			);
			path = Destination;
			sourceTree = "<group>";
		};
/* End PBXGroup section */

/* Begin PBXNativeTarget section */
		75D714E4C1BBAFD51E0B7683 /* LeaveNowWidgets */ = {
			isa = PBXNativeTarget;
			buildConfigurationList = D07E49C45D4D121897243D2E /* Build configuration list for PBXNativeTarget "LeaveNowWidgets" */;
			buildPhases = (
				579CC5D15A7D4FFA29561E79 /* Sources */,
			);
			buildRules = (
			);
			dependencies = (
			);
			name = LeaveNowWidgets;
			packageProductDependencies = (
			);
			productName = LeaveNowWidgets;
			productReference = AF0934E8DCDA393B7EF6A3EF /* LeaveNowWidgets.appex */;
			productType = "com.apple.product-type.app-extension";
		};
		BB271E4184E0968CC4BD61FF /* LeaveNow */ = {
			isa = PBXNativeTarget;
			buildConfigurationList = 122936F3BE971C90ACBAD805 /* Build configuration list for PBXNativeTarget "LeaveNow" */;
			buildPhases = (
				D2B6F9F7EA4319076F6FEB7C /* Sources */,
				8AA4598F35A2DA567DE6856D /* Resources */,
				11DB0398BCA151D4C47CE505 /* Embed Foundation Extensions */,
			);
			buildRules = (
			);
			dependencies = (
				94F96CD0CFDB365E86D6F810 /* PBXTargetDependency */,
			);
			name = LeaveNow;
			packageProductDependencies = (
			);
			productName = LeaveNow;
			productReference = 4CF121D705C92F572B90B29D /* LeaveNow.app */;
			productType = "com.apple.product-type.application";
		};
/* End PBXNativeTarget section */

/* Begin PBXProject section */
		5A5D009E0129D7234DE0AA2B /* Project object */ = {
			isa = PBXProject;
			attributes = {
				BuildIndependentTargetsInParallel = YES;
				LastUpgradeCheck = 1430;
				TargetAttributes = {
					75D714E4C1BBAFD51E0B7683 = {
						DevelopmentTeam = PADG9BS9NP;
						ProvisioningStyle = Automatic;
					};
					BB271E4184E0968CC4BD61FF = {
						DevelopmentTeam = PADG9BS9NP;
						ProvisioningStyle = Automatic;
					};
				};
			};
			buildConfigurationList = 275AA7F47585A2A400D6D8B0 /* Build configuration list for PBXProject "LeaveNow" */;
			developmentRegion = en;
			hasScannedForEncodings = 0;
			knownRegions = (
				Base,
				en,
			);
			mainGroup = 9E0FAA5B99D645BE06BE8BDE;
			minimizedProjectReferenceProxies = 1;
			preferredProjectObjectVersion = 77;
			productRefGroup = 8BBDB65B1D3985ECCAE99531 /* Products */;
			projectDirPath = "";
			projectRoot = "";
			targets = (
				BB271E4184E0968CC4BD61FF /* LeaveNow */,
				75D714E4C1BBAFD51E0B7683 /* LeaveNowWidgets */,
			);
		};
/* End PBXProject section */

/* Begin PBXResourcesBuildPhase section */
		8AA4598F35A2DA567DE6856D /* Resources */ = {
			isa = PBXResourcesBuildPhase;
			buildActionMask = 2147483647;
			files = (
				B4B35C9614565066E9A5CD5D /* Secrets.example.plist in Resources */,
				3FB4EA8BAB98B8ECED2507A5 /* Secrets.plist in Resources */,
				DC808FC3EA2C3F21F8533AF1 /* stations.json in Resources */,
			);
			runOnlyForDeploymentPostprocessing = 0;
		};
/* End PBXResourcesBuildPhase section */

/* Begin PBXSourcesBuildPhase section */
		579CC5D15A7D4FFA29561E79 /* Sources */ = {
			isa = PBXSourcesBuildPhase;
			buildActionMask = 2147483647;
			files = (
				1277F1A071A888F755629680 /* DepartureActivityAttributes.swift in Sources */,
				367D8C75D1AEBDB792356CFF /* DepartureLiveActivity.swift in Sources */,
				E6C3E02CA78DACBDDD630553 /* LeaveNowWidgetsBundle.swift in Sources */,
			);
			runOnlyForDeploymentPostprocessing = 0;
		};
		D2B6F9F7EA4319076F6FEB7C /* Sources */ = {
			isa = PBXSourcesBuildPhase;
			buildActionMask = 2147483647;
			files = (
				1726A9E85B1FC5D1CF91120C /* Color+Hex.swift in Sources */,
				2C29DFB0D75AF26A93BDBB78 /* ContentView.swift in Sources */,
				02F32F9EEC2183CDBA90B047 /* DepartureActivityAttributes.swift in Sources */,
				F17A1B5D039788EE683753B9 /* DestinationFormView.swift in Sources */,
				77C22B8168B67B480DB0285C /* Fmt.swift in Sources */,
				9B212A1FBAE3FD52AD521F48 /* GeofenceSpike.swift in Sources */,
				4BD33EB7DEA2120C7D79635F /* HomeRootView.swift in Sources */,
				BFA6E055D0EFE399675EE6FE /* LeaveNowApp.swift in Sources */,
				98A73BE15BE31E5F15FE3507 /* LiveActivitySpike.swift in Sources */,
				A52852A948CF82FB56D1BBE6 /* LocationHelper.swift in Sources */,
				32C6206F4DB5BB74BF5FA9ED /* Models.swift in Sources */,
				A396039B4E20BAD4C600DC83 /* OnboardingFlow.swift in Sources */,
				198095BB3C5E2F1878F5A059 /* Profile.swift in Sources */,
				6C07F62967F1B66527D5E3E8 /* RouteAPI.swift in Sources */,
				8BC1DBC750A4A273EFB160DB /* RoutePlanner.swift in Sources */,
				E672D4DCC39D869DBB3FFA45 /* RouteResultView.swift in Sources */,
				EF58B06B41E7BAECBB68FBBB /* RouteStops.swift in Sources */,
				F76AFD9BBDD8D7A9DFEB10B5 /* RouteViews.swift in Sources */,
				0CB93DE46F7E01C3360DB309 /* Secrets.swift in Sources */,
				EE1AD0E09E917D4C901A0AE6 /* Segment.swift in Sources */,
				3B3F6D338886BFEAAF9121E0 /* SettingsView.swift in Sources */,
				72CC19C0A543254BE8C6D0E8 /* SpikeView.swift in Sources */,
				79CF3E5EC04EF387D5275E92 /* Stations.swift in Sources */,
				1800B5D608A5912203CCD6D5 /* Theme.swift in Sources */,
				8635FF70EB73F0F429D41C1D /* TripNotifier.swift in Sources */,
				75D91554B54851EBFD3EAD7F /* TripRecord.swift in Sources */,
				DC4B5947F42B703F1A50348E /* WaterHomeView.swift in Sources */,
				423CCB2CAE4F7689E8BF1B91 /* WaterView.swift in Sources */,
			);
			runOnlyForDeploymentPostprocessing = 0;
		};
/* End PBXSourcesBuildPhase section */

/* Begin PBXTargetDependency section */
		94F96CD0CFDB365E86D6F810 /* PBXTargetDependency */ = {
			isa = PBXTargetDependency;
			target = 75D714E4C1BBAFD51E0B7683 /* LeaveNowWidgets */;
			targetProxy = 5758126775B2D5042ABD589C /* PBXContainerItemProxy */;
		};
/* End PBXTargetDependency section */

/* Begin XCBuildConfiguration section */
		1C27AE895AB91EC50D4C5361 /* Release */ = {
			isa = XCBuildConfiguration;
			buildSettings = {
				ALWAYS_SEARCH_USER_PATHS = NO;
				CLANG_ANALYZER_NONNULL = YES;
				CLANG_ANALYZER_NUMBER_OBJECT_CONVERSION = YES_AGGRESSIVE;
				CLANG_CXX_LANGUAGE_STANDARD = "gnu++14";
				CLANG_CXX_LIBRARY = "libc++";
				CLANG_ENABLE_MODULES = YES;
				CLANG_ENABLE_OBJC_ARC = YES;
				CLANG_ENABLE_OBJC_WEAK = YES;
				CLANG_WARN_BLOCK_CAPTURE_AUTORELEASING = YES;
				CLANG_WARN_BOOL_CONVERSION = YES;
				CLANG_WARN_COMMA = YES;
				CLANG_WARN_CONSTANT_CONVERSION = YES;
				CLANG_WARN_DEPRECATED_OBJC_IMPLEMENTATIONS = YES;
				CLANG_WARN_DIRECT_OBJC_ISA_USAGE = YES_ERROR;
				CLANG_WARN_DOCUMENTATION_COMMENTS = YES;
				CLANG_WARN_EMPTY_BODY = YES;
				CLANG_WARN_ENUM_CONVERSION = YES;
				CLANG_WARN_INFINITE_RECURSION = YES;
				CLANG_WARN_INT_CONVERSION = YES;
				CLANG_WARN_NON_LITERAL_NULL_CONVERSION = YES;
				CLANG_WARN_OBJC_IMPLICIT_RETAIN_SELF = YES;
				CLANG_WARN_OBJC_LITERAL_CONVERSION = YES;
				CLANG_WARN_OBJC_ROOT_CLASS = YES_ERROR;
				CLANG_WARN_QUOTED_INCLUDE_IN_FRAMEWORK_HEADER = YES;
				CLANG_WARN_RANGE_LOOP_ANALYSIS = YES;
				CLANG_WARN_STRICT_PROTOTYPES = YES;
				CLANG_WARN_SUSPICIOUS_MOVE = YES;
				CLANG_WARN_UNGUARDED_AVAILABILITY = YES_AGGRESSIVE;
				CLANG_WARN_UNREACHABLE_CODE = YES;
				CLANG_WARN__DUPLICATE_METHOD_MATCH = YES;
				COPY_PHASE_STRIP = NO;
				CURRENT_PROJECT_VERSION = 1;
				DEBUG_INFORMATION_FORMAT = "dwarf-with-dsym";
				ENABLE_NS_ASSERTIONS = NO;
				ENABLE_STRICT_OBJC_MSGSEND = YES;
				GCC_C_LANGUAGE_STANDARD = gnu11;
				GCC_NO_COMMON_BLOCKS = YES;
				GCC_WARN_64_TO_32_BIT_CONVERSION = YES;
				GCC_WARN_ABOUT_RETURN_TYPE = YES_ERROR;
				GCC_WARN_UNDECLARED_SELECTOR = YES;
				GCC_WARN_UNINITIALIZED_AUTOS = YES_AGGRESSIVE;
				GCC_WARN_UNUSED_FUNCTION = YES;
				GCC_WARN_UNUSED_VARIABLE = YES;
				IPHONEOS_DEPLOYMENT_TARGET = 17.0;
				MARKETING_VERSION = 0.1.0;
				MTL_ENABLE_DEBUG_INFO = NO;
				MTL_FAST_MATH = YES;
				PRODUCT_NAME = "$(TARGET_NAME)";
				SDKROOT = iphoneos;
				SWIFT_COMPILATION_MODE = wholemodule;
				SWIFT_OPTIMIZATION_LEVEL = "-O";
				SWIFT_VERSION = 5.0;
			};
			name = Release;
		};
		2311434469143A5A4C0AFFDC /* Release */ = {
			isa = XCBuildConfiguration;
			buildSettings = {
				CODE_SIGN_STYLE = Automatic;
				DEVELOPMENT_TEAM = PADG9BS9NP;
				GENERATE_INFOPLIST_FILE = NO;
				INFOPLIST_FILE = LeaveNowWidgets/Info.plist;
				LD_RUNPATH_SEARCH_PATHS = (
					"$(inherited)",
					"@executable_path/Frameworks",
					"@executable_path/../../Frameworks",
				);
				PRODUCT_BUNDLE_IDENTIFIER = com.drimaes.LeaveNow.Widgets;
				SDKROOT = iphoneos;
				SKIP_INSTALL = YES;
				TARGETED_DEVICE_FAMILY = 1;
			};
			name = Release;
		};
		34226722746EFDCDF77FDACF /* Debug */ = {
			isa = XCBuildConfiguration;
			buildSettings = {
				ASSETCATALOG_COMPILER_APPICON_NAME = AppIcon;
				CODE_SIGN_IDENTITY = "iPhone Developer";
				CODE_SIGN_STYLE = Automatic;
				DEVELOPMENT_TEAM = PADG9BS9NP;
				GENERATE_INFOPLIST_FILE = NO;
				INFOPLIST_FILE = LeaveNow/Info.plist;
				LD_RUNPATH_SEARCH_PATHS = (
					"$(inherited)",
					"@executable_path/Frameworks",
				);
				PRODUCT_BUNDLE_IDENTIFIER = com.drimaes.LeaveNow;
				SDKROOT = iphoneos;
				TARGETED_DEVICE_FAMILY = 1;
			};
			name = Debug;
		};
		886BA2B4C264E6DC5D91F0F9 /* Debug */ = {
			isa = XCBuildConfiguration;
			buildSettings = {
				ALWAYS_SEARCH_USER_PATHS = NO;
				CLANG_ANALYZER_NONNULL = YES;
				CLANG_ANALYZER_NUMBER_OBJECT_CONVERSION = YES_AGGRESSIVE;
				CLANG_CXX_LANGUAGE_STANDARD = "gnu++14";
				CLANG_CXX_LIBRARY = "libc++";
				CLANG_ENABLE_MODULES = YES;
				CLANG_ENABLE_OBJC_ARC = YES;
				CLANG_ENABLE_OBJC_WEAK = YES;
				CLANG_WARN_BLOCK_CAPTURE_AUTORELEASING = YES;
				CLANG_WARN_BOOL_CONVERSION = YES;
				CLANG_WARN_COMMA = YES;
				CLANG_WARN_CONSTANT_CONVERSION = YES;
				CLANG_WARN_DEPRECATED_OBJC_IMPLEMENTATIONS = YES;
				CLANG_WARN_DIRECT_OBJC_ISA_USAGE = YES_ERROR;
				CLANG_WARN_DOCUMENTATION_COMMENTS = YES;
				CLANG_WARN_EMPTY_BODY = YES;
				CLANG_WARN_ENUM_CONVERSION = YES;
				CLANG_WARN_INFINITE_RECURSION = YES;
				CLANG_WARN_INT_CONVERSION = YES;
				CLANG_WARN_NON_LITERAL_NULL_CONVERSION = YES;
				CLANG_WARN_OBJC_IMPLICIT_RETAIN_SELF = YES;
				CLANG_WARN_OBJC_LITERAL_CONVERSION = YES;
				CLANG_WARN_OBJC_ROOT_CLASS = YES_ERROR;
				CLANG_WARN_QUOTED_INCLUDE_IN_FRAMEWORK_HEADER = YES;
				CLANG_WARN_RANGE_LOOP_ANALYSIS = YES;
				CLANG_WARN_STRICT_PROTOTYPES = YES;
				CLANG_WARN_SUSPICIOUS_MOVE = YES;
				CLANG_WARN_UNGUARDED_AVAILABILITY = YES_AGGRESSIVE;
				CLANG_WARN_UNREACHABLE_CODE = YES;
				CLANG_WARN__DUPLICATE_METHOD_MATCH = YES;
				COPY_PHASE_STRIP = NO;
				CURRENT_PROJECT_VERSION = 1;
				DEBUG_INFORMATION_FORMAT = dwarf;
				ENABLE_STRICT_OBJC_MSGSEND = YES;
				ENABLE_TESTABILITY = YES;
				GCC_C_LANGUAGE_STANDARD = gnu11;
				GCC_DYNAMIC_NO_PIC = NO;
				GCC_NO_COMMON_BLOCKS = YES;
				GCC_OPTIMIZATION_LEVEL = 0;
				GCC_PREPROCESSOR_DEFINITIONS = (
					"$(inherited)",
					"DEBUG=1",
				);
				GCC_WARN_64_TO_32_BIT_CONVERSION = YES;
				GCC_WARN_ABOUT_RETURN_TYPE = YES_ERROR;
				GCC_WARN_UNDECLARED_SELECTOR = YES;
				GCC_WARN_UNINITIALIZED_AUTOS = YES_AGGRESSIVE;
				GCC_WARN_UNUSED_FUNCTION = YES;
				GCC_WARN_UNUSED_VARIABLE = YES;
				IPHONEOS_DEPLOYMENT_TARGET = 17.0;
				MARKETING_VERSION = 0.1.0;
				MTL_ENABLE_DEBUG_INFO = INCLUDE_SOURCE;
				MTL_FAST_MATH = YES;
				ONLY_ACTIVE_ARCH = YES;
				PRODUCT_NAME = "$(TARGET_NAME)";
				SDKROOT = iphoneos;
				SWIFT_ACTIVE_COMPILATION_CONDITIONS = DEBUG;
				SWIFT_OPTIMIZATION_LEVEL = "-Onone";
				SWIFT_VERSION = 5.0;
			};
			name = Debug;
		};
		BD377C9F37275BF0F0B9ACEF /* Debug */ = {
			isa = XCBuildConfiguration;
			buildSettings = {
				CODE_SIGN_STYLE = Automatic;
				DEVELOPMENT_TEAM = PADG9BS9NP;
				GENERATE_INFOPLIST_FILE = NO;
				INFOPLIST_FILE = LeaveNowWidgets/Info.plist;
				LD_RUNPATH_SEARCH_PATHS = (
					"$(inherited)",
					"@executable_path/Frameworks",
					"@executable_path/../../Frameworks",
				);
				PRODUCT_BUNDLE_IDENTIFIER = com.drimaes.LeaveNow.Widgets;
				SDKROOT = iphoneos;
				SKIP_INSTALL = YES;
				TARGETED_DEVICE_FAMILY = 1;
			};
			name = Debug;
		};
		D14EDD9C3798525BA1495DC3 /* Release */ = {
			isa = XCBuildConfiguration;
			buildSettings = {
				ASSETCATALOG_COMPILER_APPICON_NAME = AppIcon;
				CODE_SIGN_IDENTITY = "iPhone Developer";
				CODE_SIGN_STYLE = Automatic;
				DEVELOPMENT_TEAM = PADG9BS9NP;
				GENERATE_INFOPLIST_FILE = NO;
				INFOPLIST_FILE = LeaveNow/Info.plist;
				LD_RUNPATH_SEARCH_PATHS = (
					"$(inherited)",
					"@executable_path/Frameworks",
				);
				PRODUCT_BUNDLE_IDENTIFIER = com.drimaes.LeaveNow;
				SDKROOT = iphoneos;
				TARGETED_DEVICE_FAMILY = 1;
			};
			name = Release;
		};
/* End XCBuildConfiguration section */

/* Begin XCConfigurationList section */
		122936F3BE971C90ACBAD805 /* Build configuration list for PBXNativeTarget "LeaveNow" */ = {
			isa = XCConfigurationList;
			buildConfigurations = (
				34226722746EFDCDF77FDACF /* Debug */,
				D14EDD9C3798525BA1495DC3 /* Release */,
			);
			defaultConfigurationIsVisible = 0;
			defaultConfigurationName = Debug;
		};
		275AA7F47585A2A400D6D8B0 /* Build configuration list for PBXProject "LeaveNow" */ = {
			isa = XCConfigurationList;
			buildConfigurations = (
				886BA2B4C264E6DC5D91F0F9 /* Debug */,
				1C27AE895AB91EC50D4C5361 /* Release */,
			);
			defaultConfigurationIsVisible = 0;
			defaultConfigurationName = Debug;
		};
		D07E49C45D4D121897243D2E /* Build configuration list for PBXNativeTarget "LeaveNowWidgets" */ = {
			isa = XCConfigurationList;
			buildConfigurations = (
				BD377C9F37275BF0F0B9ACEF /* Debug */,
				2311434469143A5A4C0AFFDC /* Release */,
			);
			defaultConfigurationIsVisible = 0;
			defaultConfigurationName = Debug;
		};
/* End XCConfigurationList section */
	};
	rootObject = 5A5D009E0129D7234DE0AA2B /* Project object */;
}
